
Microsoft Visual Studio Solution File, Format Version 12.00
# Visual Studio Version 17
VisualStudioVersion = 17.13.35931.197
MinimumVisualStudioVersion = 10.0.40219.1
Project("{FAE04EC0-301F-11D3-BF4B-00C04F79EFBC}") = "DocsViewer", "DocsViewer.csproj", "{5C3CBC9B-EF77-4C4F-91D5-D1AC9DA37D24}"
EndProject
Global
	GlobalSection(SolutionConfigurationPlatforms) = preSolution
		Debug|Any CPU = Debug|Any CPU
		Release|Any CPU = Release|Any CPU
	EndGlobalSection
	GlobalSection(ProjectConfigurationPlatforms) = postSolution
		{5C3CBC9B-EF77-4C4F-91D5-D1AC9DA37D24}.Debug|Any CPU.ActiveCfg = Debug|Any CPU
		{5C3CBC9B-EF77-4C4F-91D5-D1AC9DA37D24}.Debug|Any CPU.Build.0 = Debug|Any CPU
		{5C3CBC9B-EF77-4C4F-91D5-D1AC9DA37D24}.Release|Any CPU.ActiveCfg = Release|Any CPU
		{5C3CBC9B-EF77-4C4F-91D5-D1AC9DA37D24}.Release|Any CPU.Build.0 = Release|Any CPU
	EndGlobalSection
	GlobalSection(SolutionProperties) = preSolution
		HideSolutionNode = FALSE
	EndGlobalSection
	GlobalSection(ExtensibilityGlobals) = postSolution
		SolutionGuid = {7B7D9187-6A5A-48AC-9CDB-BB52D9535B52}
	EndGlobalSection
EndGlobal
